
Microsoft Visual Studio Solution File, Format Version 12.00
# Visual Studio Version 17
VisualStudioVersion = 17.5.33209.295
MinimumVisualStudioVersion = 10.0.40219.1
Project("{9A19103F-16F7-4668-BE54-9A1E7A4F7556}") = "ListAmParser.Abstractions", "ListAmParser.Abstractions\ListAmParser.Abstractions.csproj", "{86CF5FE9-551D-4587-BBD7-A9179133FE7F}"
EndProject
Project("{9A19103F-16F7-4668-BE54-9A1E7A4F7556}") = "ListAmParser.PageParser", "ListAmParser.PageParser\ListAmParser.PageParser.csproj", "{864F4301-8D04-438B-A93A-3A2C76F34BF9}"
EndProject
Project("{9A19103F-16F7-4668-BE54-9A1E7A4F7556}") = "ListAmParser.ConsoleClient", "ListAmParser.ConsoleClient\ListAmParser.ConsoleClient.csproj", "{F6913D5B-EC42-44A1-A673-36866036E97B}"
EndProject
Project("{9A19103F-16F7-4668-BE54-9A1E7A4F7556}") = "ListAmParser.Common", "ListAmParser.Common\ListAmParser.Common.csproj", "{AD700E95-3C94-4FCC-83B3-2DB0F20FBB3B}"
EndProject
Project("{9A19103F-16F7-4668-BE54-9A1E7A4F7556}") = "ListAmParser.ExcelExport", "ListAmParser.ExcelExport\ListAmParser.ExcelExport.csproj", "{C9EA810A-C312-4C6D-A0BD-A235FA26FBF4}"
EndProject
Global
	GlobalSection(SolutionConfigurationPlatforms) = preSolution
		Debug|Any CPU = Debug|Any CPU
		Release|Any CPU = Release|Any CPU
	EndGlobalSection
	GlobalSection(ProjectConfigurationPlatforms) = postSolution
		{86CF5FE9-551D-4587-BBD7-A9179133FE7F}.Debug|Any CPU.ActiveCfg = Debug|Any CPU
		{86CF5FE9-551D-4587-BBD7-A9179133FE7F}.Debug|Any CPU.Build.0 = Debug|Any CPU
		{86CF5FE9-551D-4587-BBD7-A9179133FE7F}.Release|Any CPU.ActiveCfg = Release|Any CPU
		{86CF5FE9-551D-4587-BBD7-A9179133FE7F}.Release|Any CPU.Build.0 = Release|Any CPU
		{864F4301-8D04-438B-A93A-3A2C76F34BF9}.Debug|Any CPU.ActiveCfg = Debug|Any CPU
		{864F4301-8D04-438B-A93A-3A2C76F34BF9}.Debug|Any CPU.Build.0 = Debug|Any CPU
		{864F4301-8D04-438B-A93A-3A2C76F34BF9}.Release|Any CPU.ActiveCfg = Release|Any CPU
		{864F4301-8D04-438B-A93A-3A2C76F34BF9}.Release|Any CPU.Build.0 = Release|Any CPU
		{F6913D5B-EC42-44A1-A673-36866036E97B}.Debug|Any CPU.ActiveCfg = Debug|Any CPU
		{F6913D5B-EC42-44A1-A673-36866036E97B}.Debug|Any CPU.Build.0 = Debug|Any CPU
		{F6913D5B-EC42-44A1-A673-36866036E97B}.Release|Any CPU.ActiveCfg = Release|Any CPU
		{F6913D5B-EC42-44A1-A673-36866036E97B}.Release|Any CPU.Build.0 = Release|Any CPU
		{AD700E95-3C94-4FCC-83B3-2DB0F20FBB3B}.Debug|Any CPU.ActiveCfg = Debug|Any CPU
		{AD700E95-3C94-4FCC-83B3-2DB0F20FBB3B}.Debug|Any CPU.Build.0 = Debug|Any CPU
		{AD700E95-3C94-4FCC-83B3-2DB0F20FBB3B}.Release|Any CPU.ActiveCfg = Release|Any CPU
		{AD700E95-3C94-4FCC-83B3-2DB0F20FBB3B}.Release|Any CPU.Build.0 = Release|Any CPU
		{C9EA810A-C312-4C6D-A0BD-A235FA26FBF4}.Debug|Any CPU.ActiveCfg = Debug|Any CPU
		{C9EA810A-C312-4C6D-A0BD-A235FA26FBF4}.Debug|Any CPU.Build.0 = Debug|Any CPU
		{C9EA810A-C312-4C6D-A0BD-A235FA26FBF4}.Release|Any CPU.ActiveCfg = Release|Any CPU
		{C9EA810A-C312-4C6D-A0BD-A235FA26FBF4}.Release|Any CPU.Build.0 = Release|Any CPU
	EndGlobalSection
	GlobalSection(SolutionProperties) = preSolution
		HideSolutionNode = FALSE
	EndGlobalSection
	GlobalSection(ExtensibilityGlobals) = postSolution
		SolutionGuid = {8C06EA9B-C1C2-4B66-B37A-4D248FD3A7F8}
	EndGlobalSection
EndGlobal
